{
    "_readme": [
        "This file locks the dependencies of your project to a known state",
        "Read more about it at https://getcomposer.org/doc/01-basic-usage.md#installing-dependencies",
        "This file is @generated automatically"
    ],
    "content-hash": "b2d48ed34b6eddb6186e466db7c96026",
    "packages": [],
    "packages-dev": [
        {
            "name": "buexplain/netsvr-protocol",
            "version": "v1.2.0",
            "source": {
                "type": "git",
                "url": "https://github.com/buexplain/netsvr-protocol.git",
                "reference": "2b6c9b460c525b1bd17d2eb0bca7c5db0c4600f8"
            },
            "dist": {
                "type": "zip",
                "url": "https://api.github.com/repos/buexplain/netsvr-protocol/zipball/2b6c9b460c525b1bd17d2eb0bca7c5db0c4600f8",
                "reference": "2b6c9b460c525b1bd17d2eb0bca7c5db0c4600f8",
                "shasum": ""
            },
            "require": {
                "php": ">=8.0"
            },
            "type": "library",
            "notification-url": "https://packagist.org/downloads/",
            "license": [
                "Apache-2.0"
            ],
            "authors": [
                {
                    "name": "buexplain",
                    "email": "buexplain@qq.com"
                }
            ],
            "description": "https://github.com/buexplain/netsvr的协议",
            "support": {
                "issues": "https://github.com/buexplain/netsvr-protocol/issues",
                "source": "https://github.com/buexplain/netsvr-protocol/tree/v1.2.0"
            },
            "time": "2023-07-18T07:09:39+00:00"
        }
    ],
    "aliases": [],
    "minimum-stability": "stable",
    "stability-flags": [],
    "prefer-stable": false,
    "prefer-lowest": false,
    "platform": {
        "php": ">=8.0"
    },
    "platform-dev": [],
    "plugin-api-version": "2.3.0"
}
