{
    "_readme": [
        "This file locks the dependencies of your project to a known state",
        "Read more about it at https://getcomposer.org/doc/01-basic-usage.md#installing-dependencies",
        "This file is @generated automatically"
    ],
    "content-hash": "19f50d584aa16c956b06ec8f53ba8bc3",
    "packages": [],
    "packages-dev": [
        {
            "name": "buexplain/netsvr-protocol",
            "version": "v4.0.0",
            "source": {
                "type": "git",
                "url": "https://github.com/buexplain/netsvr-protocol.git",
                "reference": "bdb95f3a5d046dc3248f28285dde964a80426d8f"
            },
            "dist": {
                "type": "zip",
                "url": "https://api.github.com/repos/buexplain/netsvr-protocol/zipball/bdb95f3a5d046dc3248f28285dde964a80426d8f",
                "reference": "bdb95f3a5d046dc3248f28285dde964a80426d8f",
                "shasum": "",
                "mirrors": [
                    {
                        "url": "https://mirrors.aliyun.com/composer/dists/%package%/%reference%.%type%",
                        "preferred": true
                    }
                ]
            },
            "require": {
                "php": ">=8.0"
            },
            "type": "library",
            "notification-url": "https://packagist.org/downloads/",
            "license": [
                "Apache-2.0"
            ],
            "authors": [
                {
                    "name": "buexplain",
                    "email": "buexplain@qq.com"
                }
            ],
            "description": "https://github.com/buexplain/netsvr的协议",
            "support": {
                "issues": "https://github.com/buexplain/netsvr-protocol/issues",
                "source": "https://github.com/buexplain/netsvr-protocol/tree/v4.0.0"
            },
            "time": "2024-11-10T04:37:38+00:00"
        }
    ],
    "aliases": [],
    "minimum-stability": "stable",
    "stability-flags": [],
    "prefer-stable": false,
    "prefer-lowest": false,
    "platform": {
        "php": ">=8.0"
    },
    "platform-dev": [],
    "plugin-api-version": "2.6.0"
}
