{
    "_readme": [
        "This file locks the dependencies of your project to a known state",
        "Read more about it at https://getcomposer.org/doc/01-basic-usage.md#installing-dependencies",
        "This file is @generated automatically"
    ],
    "content-hash": "9718cb789796e3ce91793d26e57a55de",
    "packages": [],
    "packages-dev": [
        {
            "name": "buexplain/netsvr-protocol",
            "version": "dev-main",
            "source": {
                "type": "git",
                "url": "https://github.com/buexplain/netsvr-protocol.git",
                "reference": "f26ec9d0759d1533f2eb19fa09b21142fdcdf961"
            },
            "dist": {
                "type": "zip",
                "url": "https://api.github.com/repos/buexplain/netsvr-protocol/zipball/f26ec9d0759d1533f2eb19fa09b21142fdcdf961",
                "reference": "f26ec9d0759d1533f2eb19fa09b21142fdcdf961",
                "shasum": ""
            },
            "require": {
                "php": ">=8.0"
            },
            "default-branch": true,
            "type": "library",
            "notification-url": "https://packagist.org/downloads/",
            "license": [
                "Apache-2.0"
            ],
            "authors": [
                {
                    "name": "buexplain",
                    "email": "buexplain@qq.com"
                }
            ],
            "description": "https://github.com/buexplain/netsvr的协议",
            "support": {
                "issues": "https://github.com/buexplain/netsvr-protocol/issues",
                "source": "https://github.com/buexplain/netsvr-protocol/tree/main"
            },
            "time": "2023-05-10T08:37:14+00:00"
        }
    ],
    "aliases": [],
    "minimum-stability": "stable",
    "stability-flags": {
        "buexplain/netsvr-protocol": 20
    },
    "prefer-stable": false,
    "prefer-lowest": false,
    "platform": {
        "php": ">=8.0"
    },
    "platform-dev": [],
    "plugin-api-version": "2.1.0"
}
